
Microsoft Visual Studio Solution File, Format Version 12.00
# Visual Studio Version 17
VisualStudioVersion = 17.0.31903.59
MinimumVisualStudioVersion = 10.0.40219.1
Project("{9A19103F-16F7-4668-BE54-9A1E7A4F7556}") = "API", "API\API.csproj", "{B4F986DD-A8A6-42DE-AD25-53B84E3A1DD5}"
EndProject
Project("{9A19103F-16F7-4668-BE54-9A1E7A4F7556}") = "Core", "Core\Core.csproj", "{C48361D4-3BE6-499C-A56E-C23399EF1196}"
EndProject
Project("{9A19103F-16F7-4668-BE54-9A1E7A4F7556}") = "Infrastructure", "Infrastructure\Infrastructure.csproj", "{049562E4-2B4A-46DB-9AD8-8D5F2D4DB2C2}"
EndProject
Global
	GlobalSection(SolutionConfigurationPlatforms) = preSolution
		Debug|Any CPU = Debug|Any CPU
		Release|Any CPU = Release|Any CPU
	EndGlobalSection
	GlobalSection(ProjectConfigurationPlatforms) = postSolution
		{B4F986DD-A8A6-42DE-AD25-53B84E3A1DD5}.Debug|Any CPU.ActiveCfg = Debug|Any CPU
		{B4F986DD-A8A6-42DE-AD25-53B84E3A1DD5}.Debug|Any CPU.Build.0 = Debug|Any CPU
		{B4F986DD-A8A6-42DE-AD25-53B84E3A1DD5}.Release|Any CPU.ActiveCfg = Release|Any CPU
		{B4F986DD-A8A6-42DE-AD25-53B84E3A1DD5}.Release|Any CPU.Build.0 = Release|Any CPU
		{C48361D4-3BE6-499C-A56E-C23399EF1196}.Debug|Any CPU.ActiveCfg = Debug|Any CPU
		{C48361D4-3BE6-499C-A56E-C23399EF1196}.Debug|Any CPU.Build.0 = Debug|Any CPU
		{C48361D4-3BE6-499C-A56E-C23399EF1196}.Release|Any CPU.ActiveCfg = Release|Any CPU
		{C48361D4-3BE6-499C-A56E-C23399EF1196}.Release|Any CPU.Build.0 = Release|Any CPU
		{049562E4-2B4A-46DB-9AD8-8D5F2D4DB2C2}.Debug|Any CPU.ActiveCfg = Debug|Any CPU
		{049562E4-2B4A-46DB-9AD8-8D5F2D4DB2C2}.Debug|Any CPU.Build.0 = Debug|Any CPU
		{049562E4-2B4A-46DB-9AD8-8D5F2D4DB2C2}.Release|Any CPU.ActiveCfg = Release|Any CPU
		{049562E4-2B4A-46DB-9AD8-8D5F2D4DB2C2}.Release|Any CPU.Build.0 = Release|Any CPU
	EndGlobalSection
	GlobalSection(SolutionProperties) = preSolution
		HideSolutionNode = FALSE
	EndGlobalSection
	GlobalSection(ExtensibilityGlobals) = postSolution
		SolutionGuid = {0E32A0C5-6011-48C8-BB97-2D3F934DD284}
	EndGlobalSection
EndGlobal
